
Microsoft Visual Studio Solution File, Format Version 12.00
# Visual Studio Version 17
VisualStudioVersion = 17.2.32630.192
MinimumVisualStudioVersion = 10.0.40219.1
Project("{FAE04EC0-301F-11D3-BF4B-00C04F79EFBC}") = "MoviesAPI", "MoviesAPI\MoviesAPI.csproj", "{ED3D092B-D15B-46A6-A529-7924EE1E8EE9}"
EndProject
Global
	GlobalSection(SolutionConfigurationPlatforms) = preSolution
		Debug|Any CPU = Debug|Any CPU
		Release|Any CPU = Release|Any CPU
	EndGlobalSection
	GlobalSection(ProjectConfigurationPlatforms) = postSolution
		{ED3D092B-D15B-46A6-A529-7924EE1E8EE9}.Debug|Any CPU.ActiveCfg = Debug|Any CPU
		{ED3D092B-D15B-46A6-A529-7924EE1E8EE9}.Debug|Any CPU.Build.0 = Debug|Any CPU
		{ED3D092B-D15B-46A6-A529-7924EE1E8EE9}.Release|Any CPU.ActiveCfg = Release|Any CPU
		{ED3D092B-D15B-46A6-A529-7924EE1E8EE9}.Release|Any CPU.Build.0 = Release|Any CPU
	EndGlobalSection
	GlobalSection(SolutionProperties) = preSolution
		HideSolutionNode = FALSE
	EndGlobalSection
	GlobalSection(ExtensibilityGlobals) = postSolution
		SolutionGuid = {BE102C73-16F8-4835-A191-ACDCC043C25B}
	EndGlobalSection
EndGlobal
